
Microsoft Visual Studio Solution File, Format Version 12.00
# Visual Studio Version 16
VisualStudioVersion = 16.0.31112.23
MinimumVisualStudioVersion = 10.0.40219.1
Project("{9A19103F-16F7-4668-BE54-9A1E7A4F7556}") = "ASPNetCore_TiendasDF", "ASPNetCore\ASPNetCore_TiendasDF.csproj", "{FAB67650-038C-488D-B239-7F81B3F9AF51}"
EndProject
Global
	GlobalSection(SolutionConfigurationPlatforms) = preSolution
		Debug|Any CPU = Debug|Any CPU
		Release|Any CPU = Release|Any CPU
	EndGlobalSection
	GlobalSection(ProjectConfigurationPlatforms) = postSolution
		{FAB67650-038C-488D-B239-7F81B3F9AF51}.Debug|Any CPU.ActiveCfg = Debug|Any CPU
		{FAB67650-038C-488D-B239-7F81B3F9AF51}.Debug|Any CPU.Build.0 = Debug|Any CPU
		{FAB67650-038C-488D-B239-7F81B3F9AF51}.Release|Any CPU.ActiveCfg = Release|Any CPU
		{FAB67650-038C-488D-B239-7F81B3F9AF51}.Release|Any CPU.Build.0 = Release|Any CPU
	EndGlobalSection
	GlobalSection(SolutionProperties) = preSolution
		HideSolutionNode = FALSE
	EndGlobalSection
	GlobalSection(ExtensibilityGlobals) = postSolution
		SolutionGuid = {B7C82B41-88C9-454F-917D-9E3460532C9E}
	EndGlobalSection
EndGlobal
